
Microsoft Visual Studio Solution File, Format Version 12.00
# Visual Studio 15
VisualStudioVersion = 15.0.26403.7
MinimumVisualStudioVersion = 10.0.40219.1
Project("{FAE04EC0-301F-11D3-BF4B-00C04F79EFBC}") = "WebApplication2", "WebApplication2\WebApplication2.csproj", "{CAD90182-B04A-40BE-9A93-AB4251A200AF}"
EndProject
Project("{FAE04EC0-301F-11D3-BF4B-00C04F79EFBC}") = "UnitTestProject1", "UnitTestProject1\UnitTestProject1.csproj", "{10891AE5-B8C6-47D2-BB42-706FF332DA24}"
EndProject
Global
	GlobalSection(SolutionConfigurationPlatforms) = preSolution
		Debug|Any CPU = Debug|Any CPU
		Release|Any CPU = Release|Any CPU
	EndGlobalSection
	GlobalSection(ProjectConfigurationPlatforms) = postSolution
		{CAD90182-B04A-40BE-9A93-AB4251A200AF}.Debug|Any CPU.ActiveCfg = Debug|Any CPU
		{CAD90182-B04A-40BE-9A93-AB4251A200AF}.Debug|Any CPU.Build.0 = Debug|Any CPU
		{CAD90182-B04A-40BE-9A93-AB4251A200AF}.Release|Any CPU.ActiveCfg = Release|Any CPU
		{CAD90182-B04A-40BE-9A93-AB4251A200AF}.Release|Any CPU.Build.0 = Release|Any CPU
		{10891AE5-B8C6-47D2-BB42-706FF332DA24}.Debug|Any CPU.ActiveCfg = Debug|Any CPU
		{10891AE5-B8C6-47D2-BB42-706FF332DA24}.Debug|Any CPU.Build.0 = Debug|Any CPU
		{10891AE5-B8C6-47D2-BB42-706FF332DA24}.Release|Any CPU.ActiveCfg = Release|Any CPU
		{10891AE5-B8C6-47D2-BB42-706FF332DA24}.Release|Any CPU.Build.0 = Release|Any CPU
	EndGlobalSection
	GlobalSection(SolutionProperties) = preSolution
		HideSolutionNode = FALSE
	EndGlobalSection
EndGlobal
